// !$*UTF8*$!
{
	archiveVersion = 1;
	classes = {
	};
	objectVersion = 50;
	objects = {

/* Begin PBXBuildFile section */
		0C1F7534221C47C100461A10 /* CategoryModel.swift in Sources */ = {isa = PBXBuildFile; fileRef = 0C1F7533221C47C100461A10 /* CategoryModel.swift */; };
		0C32485E21FCA31900D26EDC /* TodoList.storyboard in Resources */ = {isa = PBXBuildFile; fileRef = 0C32485D21FCA31900D26EDC /* TodoList.storyboard */; };
		0C32486021FCA57F00D26EDC /* TodoListTableViewController.swift in Sources */ = {isa = PBXBuildFile; fileRef = 0C32485F21FCA57F00D26EDC /* TodoListTableViewController.swift */; };
		0C3248622201EF0E00D26EDC /* UIBarButtonItem+extension.swift in Sources */ = {isa = PBXBuildFile; fileRef = 0C3248612201EF0E00D26EDC /* UIBarButtonItem+extension.swift */; };
		0C3248642205F11500D26EDC /* TodoTableViewCell.swift in Sources */ = {isa = PBXBuildFile; fileRef = 0C3248632205F11500D26EDC /* TodoTableViewCell.swift */; };
		0C851A5F222D78C20095EBFF /* TodoListTableViewCell.swift in Sources */ = {isa = PBXBuildFile; fileRef = 0C851A5D222D78C20095EBFF /* TodoListTableViewCell.swift */; };
		0C851A60222D78C20095EBFF /* TodoListTableViewCell.xib in Resources */ = {isa = PBXBuildFile; fileRef = 0C851A5E222D78C20095EBFF /* TodoListTableViewCell.xib */; };
		0C851A62222D7EE20095EBFF /* icons8-stopwatch-24.png in Resources */ = {isa = PBXBuildFile; fileRef = 0C851A61222D7EE10095EBFF /* icons8-stopwatch-24.png */; };
		0C851A66222D81710095EBFF /* check.png in Resources */ = {isa = PBXBuildFile; fileRef = 0C851A64222D81710095EBFF /* check.png */; };
		0C851A67222D81710095EBFF /* done.png in Resources */ = {isa = PBXBuildFile; fileRef = 0C851A65222D81710095EBFF /* done.png */; };
		0CDDE0F621ECC9CB002AFE68 /* AppDelegate.swift in Sources */ = {isa = PBXBuildFile; fileRef = 0CDDE0F521ECC9CB002AFE68 /* AppDelegate.swift */; };
		0CDDE0FD21ECC9CD002AFE68 /* Assets.xcassets in Resources */ = {isa = PBXBuildFile; fileRef = 0CDDE0FC21ECC9CD002AFE68 /* Assets.xcassets */; };
		0CDDE10021ECC9CD002AFE68 /* LaunchScreen.storyboard in Resources */ = {isa = PBXBuildFile; fileRef = 0CDDE0FE21ECC9CD002AFE68 /* LaunchScreen.storyboard */; };
		0CDDE10B21ECC9CD002AFE68 /* Smart_TodoTests.swift in Sources */ = {isa = PBXBuildFile; fileRef = 0CDDE10A21ECC9CD002AFE68 /* Smart_TodoTests.swift */; };
		0CDDE11621ECC9CD002AFE68 /* Smart_TodoUITests.swift in Sources */ = {isa = PBXBuildFile; fileRef = 0CDDE11521ECC9CD002AFE68 /* Smart_TodoUITests.swift */; };
		0CDDE13621ECDB3D002AFE68 /* CategoryCollectionViewCell.swift in Sources */ = {isa = PBXBuildFile; fileRef = 0CDDE13421ECDB3D002AFE68 /* CategoryCollectionViewCell.swift */; };
		0CDDE13721ECDB3D002AFE68 /* CategoryCollectionViewCell.xib in Resources */ = {isa = PBXBuildFile; fileRef = 0CDDE13521ECDB3D002AFE68 /* CategoryCollectionViewCell.xib */; };
		0CDDE13921ECE7AD002AFE68 /* CategoryViewController.swift in Sources */ = {isa = PBXBuildFile; fileRef = 0CDDE13821ECE7AD002AFE68 /* CategoryViewController.swift */; };
		0CDDE13B21ECE80F002AFE68 /* Category.storyboard in Resources */ = {isa = PBXBuildFile; fileRef = 0CDDE13A21ECE80F002AFE68 /* Category.storyboard */; };
		0CDDE13D21ECEE33002AFE68 /* mCell.swift in Sources */ = {isa = PBXBuildFile; fileRef = 0CDDE13C21ECEE33002AFE68 /* mCell.swift */; };
		2C9AA8D08C40837A2BAE950D /* Pods_Smart_Todo.framework in Frameworks */ = {isa = PBXBuildFile; fileRef = 7C79AD2E7A8FF5FFC4C143DF /* Pods_Smart_Todo.framework */; };
		C55E069B988D2AA288900CA4 /* Pods_Smart_TodoUITests.framework in Frameworks */ = {isa = PBXBuildFile; fileRef = 77071824F1298DC64CECDFE4 /* Pods_Smart_TodoUITests.framework */; };
		C5EC9FE68F10642CE0DA849A /* Pods_Smart_TodoTests.framework in Frameworks */ = {isa = PBXBuildFile; fileRef = 905A0D150A6764CFB146726C /* Pods_Smart_TodoTests.framework */; };
/* End PBXBuildFile section */

/* Begin PBXContainerItemProxy section */
		0CDDE10721ECC9CD002AFE68 /* PBXContainerItemProxy */ = {
			isa = PBXContainerItemProxy;
			containerPortal = 0CDDE0EA21ECC9CB002AFE68 /* Project object */;
			proxyType = 1;
			remoteGlobalIDString = 0CDDE0F121ECC9CB002AFE68;
			remoteInfo = "Smart Todo";
		};
		0CDDE11221ECC9CD002AFE68 /* PBXContainerItemProxy */ = {
			isa = PBXContainerItemProxy;
			containerPortal = 0CDDE0EA21ECC9CB002AFE68 /* Project object */;
			proxyType = 1;
			remoteGlobalIDString = 0CDDE0F121ECC9CB002AFE68;
			remoteInfo = "Smart Todo";
		};
/* End PBXContainerItemProxy section */

/* Begin PBXFileReference section */
		0C1F7533221C47C100461A10 /* CategoryModel.swift */ = {isa = PBXFileReference; lastKnownFileType = sourcecode.swift; path = CategoryModel.swift; sourceTree = "<group>"; };
		0C32485D21FCA31900D26EDC /* TodoList.storyboard */ = {isa = PBXFileReference; lastKnownFileType = file.storyboard; path = TodoList.storyboard; sourceTree = "<group>"; };
		0C32485F21FCA57F00D26EDC /* TodoListTableViewController.swift */ = {isa = PBXFileReference; lastKnownFileType = sourcecode.swift; path = TodoListTableViewController.swift; sourceTree = "<group>"; };
		0C3248612201EF0E00D26EDC /* UIBarButtonItem+extension.swift */ = {isa = PBXFileReference; lastKnownFileType = sourcecode.swift; path = "UIBarButtonItem+extension.swift"; sourceTree = "<group>"; };
		0C3248632205F11500D26EDC /* TodoTableViewCell.swift */ = {isa = PBXFileReference; lastKnownFileType = sourcecode.swift; path = TodoTableViewCell.swift; sourceTree = "<group>"; };
		0C851A5D222D78C20095EBFF /* TodoListTableViewCell.swift */ = {isa = PBXFileReference; lastKnownFileType = sourcecode.swift; path = TodoListTableViewCell.swift; sourceTree = "<group>"; };
		0C851A5E222D78C20095EBFF /* TodoListTableViewCell.xib */ = {isa = PBXFileReference; lastKnownFileType = file.xib; path = TodoListTableViewCell.xib; sourceTree = "<group>"; };
		0C851A61222D7EE10095EBFF /* icons8-stopwatch-24.png */ = {isa = PBXFileReference; lastKnownFileType = image.png; path = "icons8-stopwatch-24.png"; sourceTree = "<group>"; };
		0C851A64222D81710095EBFF /* check.png */ = {isa = PBXFileReference; lastKnownFileType = image.png; path = check.png; sourceTree = "<group>"; };
		0C851A65222D81710095EBFF /* done.png */ = {isa = PBXFileReference; lastKnownFileType = image.png; path = done.png; sourceTree = "<group>"; };
		0CDDE0F221ECC9CB002AFE68 /* Smart Todo.app */ = {isa = PBXFileReference; explicitFileType = wrapper.application; includeInIndex = 0; path = "Smart Todo.app"; sourceTree = BUILT_PRODUCTS_DIR; };
		0CDDE0F521ECC9CB002AFE68 /* AppDelegate.swift */ = {isa = PBXFileReference; lastKnownFileType = sourcecode.swift; path = AppDelegate.swift; sourceTree = "<group>"; };
		0CDDE0FC21ECC9CD002AFE68 /* Assets.xcassets */ = {isa = PBXFileReference; lastKnownFileType = folder.assetcatalog; path = Assets.xcassets; sourceTree = "<group>"; };
		0CDDE0FF21ECC9CD002AFE68 /* Base */ = {isa = PBXFileReference; lastKnownFileType = file.storyboard; name = Base; path = Base.lproj/LaunchScreen.storyboard; sourceTree = "<group>"; };
		0CDDE10121ECC9CD002AFE68 /* Info.plist */ = {isa = PBXFileReference; lastKnownFileType = text.plist.xml; path = Info.plist; sourceTree = "<group>"; };
		0CDDE10621ECC9CD002AFE68 /* Smart TodoTests.xctest */ = {isa = PBXFileReference; explicitFileType = wrapper.cfbundle; includeInIndex = 0; path = "Smart TodoTests.xctest"; sourceTree = BUILT_PRODUCTS_DIR; };
		0CDDE10A21ECC9CD002AFE68 /* Smart_TodoTests.swift */ = {isa = PBXFileReference; lastKnownFileType = sourcecode.swift; path = Smart_TodoTests.swift; sourceTree = "<group>"; };
		0CDDE10C21ECC9CD002AFE68 /* Info.plist */ = {isa = PBXFileReference; lastKnownFileType = text.plist.xml; path = Info.plist; sourceTree = "<group>"; };
		0CDDE11121ECC9CD002AFE68 /* Smart TodoUITests.xctest */ = {isa = PBXFileReference; explicitFileType = wrapper.cfbundle; includeInIndex = 0; path = "Smart TodoUITests.xctest"; sourceTree = BUILT_PRODUCTS_DIR; };
		0CDDE11521ECC9CD002AFE68 /* Smart_TodoUITests.swift */ = {isa = PBXFileReference; lastKnownFileType = sourcecode.swift; path = Smart_TodoUITests.swift; sourceTree = "<group>"; };
		0CDDE11721ECC9CD002AFE68 /* Info.plist */ = {isa = PBXFileReference; lastKnownFileType = text.plist.xml; path = Info.plist; sourceTree = "<group>"; };
		0CDDE13421ECDB3D002AFE68 /* CategoryCollectionViewCell.swift */ = {isa = PBXFileReference; lastKnownFileType = sourcecode.swift; path = CategoryCollectionViewCell.swift; sourceTree = "<group>"; };
		0CDDE13521ECDB3D002AFE68 /* CategoryCollectionViewCell.xib */ = {isa = PBXFileReference; lastKnownFileType = file.xib; path = CategoryCollectionViewCell.xib; sourceTree = "<group>"; };
		0CDDE13821ECE7AD002AFE68 /* CategoryViewController.swift */ = {isa = PBXFileReference; lastKnownFileType = sourcecode.swift; path = CategoryViewController.swift; sourceTree = "<group>"; };
		0CDDE13A21ECE80F002AFE68 /* Category.storyboard */ = {isa = PBXFileReference; lastKnownFileType = file.storyboard; path = Category.storyboard; sourceTree = "<group>"; };
		0CDDE13C21ECEE33002AFE68 /* mCell.swift */ = {isa = PBXFileReference; lastKnownFileType = sourcecode.swift; path = mCell.swift; sourceTree = "<group>"; };
		25C33B9D02899614D6E4C8F0 /* Pods-Smart TodoTests.release.xcconfig */ = {isa = PBXFileReference; includeInIndex = 1; lastKnownFileType = text.xcconfig; name = "Pods-Smart TodoTests.release.xcconfig"; path = "Target Support Files/Pods-Smart TodoTests/Pods-Smart TodoTests.release.xcconfig"; sourceTree = "<group>"; };
		325851B52AECD2EAF3FF8ADE /* Pods-Smart TodoUITests.debug.xcconfig */ = {isa = PBXFileReference; includeInIndex = 1; lastKnownFileType = text.xcconfig; name = "Pods-Smart TodoUITests.debug.xcconfig"; path = "Target Support Files/Pods-Smart TodoUITests/Pods-Smart TodoUITests.debug.xcconfig"; sourceTree = "<group>"; };
		77071824F1298DC64CECDFE4 /* Pods_Smart_TodoUITests.framework */ = {isa = PBXFileReference; explicitFileType = wrapper.framework; includeInIndex = 0; path = Pods_Smart_TodoUITests.framework; sourceTree = BUILT_PRODUCTS_DIR; };
		7916868A0AC0C27982430359 /* Pods-Smart TodoUITests.release.xcconfig */ = {isa = PBXFileReference; includeInIndex = 1; lastKnownFileType = text.xcconfig; name = "Pods-Smart TodoUITests.release.xcconfig"; path = "Target Support Files/Pods-Smart TodoUITests/Pods-Smart TodoUITests.release.xcconfig"; sourceTree = "<group>"; };
		7C79AD2E7A8FF5FFC4C143DF /* Pods_Smart_Todo.framework */ = {isa = PBXFileReference; explicitFileType = wrapper.framework; includeInIndex = 0; path = Pods_Smart_Todo.framework; sourceTree = BUILT_PRODUCTS_DIR; };
		905A0D150A6764CFB146726C /* Pods_Smart_TodoTests.framework */ = {isa = PBXFileReference; explicitFileType = wrapper.framework; includeInIndex = 0; path = Pods_Smart_TodoTests.framework; sourceTree = BUILT_PRODUCTS_DIR; };
		C44535BB1FE57F5EB78642ED /* Pods-Smart Todo.release.xcconfig */ = {isa = PBXFileReference; includeInIndex = 1; lastKnownFileType = text.xcconfig; name = "Pods-Smart Todo.release.xcconfig"; path = "Target Support Files/Pods-Smart Todo/Pods-Smart Todo.release.xcconfig"; sourceTree = "<group>"; };
		E3422E060B94DDC3A6D8DA1B /* Pods-Smart TodoTests.debug.xcconfig */ = {isa = PBXFileReference; includeInIndex = 1; lastKnownFileType = text.xcconfig; name = "Pods-Smart TodoTests.debug.xcconfig"; path = "Target Support Files/Pods-Smart TodoTests/Pods-Smart TodoTests.debug.xcconfig"; sourceTree = "<group>"; };
		F701DF93A6EFAFBF7272EDC4 /* Pods-Smart Todo.debug.xcconfig */ = {isa = PBXFileReference; includeInIndex = 1; lastKnownFileType = text.xcconfig; name = "Pods-Smart Todo.debug.xcconfig"; path = "Target Support Files/Pods-Smart Todo/Pods-Smart Todo.debug.xcconfig"; sourceTree = "<group>"; };
/* End PBXFileReference section */

/* Begin PBXFrameworksBuildPhase section */
		0CDDE0EF21ECC9CB002AFE68 /* Frameworks */ = {
			isa = PBXFrameworksBuildPhase;
			buildActionMask = 2147483647;
			files = (
				2C9AA8D08C40837A2BAE950D /* Pods_Smart_Todo.framework in Frameworks */,
			);
			runOnlyForDeploymentPostprocessing = 0;
		};
		0CDDE10321ECC9CD002AFE68 /* Frameworks */ = {
			isa = PBXFrameworksBuildPhase;
			buildActionMask = 2147483647;
			files = (
				C5EC9FE68F10642CE0DA849A /* Pods_Smart_TodoTests.framework in Frameworks */,
			);
			runOnlyForDeploymentPostprocessing = 0;
		};
		0CDDE10E21ECC9CD002AFE68 /* Frameworks */ = {
			isa = PBXFrameworksBuildPhase;
			buildActionMask = 2147483647;
			files = (
				C55E069B988D2AA288900CA4 /* Pods_Smart_TodoUITests.framework in Frameworks */,
			);
			runOnlyForDeploymentPostprocessing = 0;
		};
/* End PBXFrameworksBuildPhase section */

/* Begin PBXGroup section */
		0787C0AF0D398E711C876BCE /* Pods */ = {
			isa = PBXGroup;
			children = (
				F701DF93A6EFAFBF7272EDC4 /* Pods-Smart Todo.debug.xcconfig */,
				C44535BB1FE57F5EB78642ED /* Pods-Smart Todo.release.xcconfig */,
				E3422E060B94DDC3A6D8DA1B /* Pods-Smart TodoTests.debug.xcconfig */,
				25C33B9D02899614D6E4C8F0 /* Pods-Smart TodoTests.release.xcconfig */,
				325851B52AECD2EAF3FF8ADE /* Pods-Smart TodoUITests.debug.xcconfig */,
				7916868A0AC0C27982430359 /* Pods-Smart TodoUITests.release.xcconfig */,
			);
			path = Pods;
			sourceTree = "<group>";
		};
		0C32485C21FCA2F100D26EDC /* Presentation */ = {
			isa = PBXGroup;
			children = (
				0C851A5C222D78920095EBFF /* TableCell */,
				0C32485D21FCA31900D26EDC /* TodoList.storyboard */,
				0C32485F21FCA57F00D26EDC /* TodoListTableViewController.swift */,
				0C3248632205F11500D26EDC /* TodoTableViewCell.swift */,
			);
			path = Presentation;
			sourceTree = "<group>";
		};
		0C851A5C222D78920095EBFF /* TableCell */ = {
			isa = PBXGroup;
			children = (
				0C851A5D222D78C20095EBFF /* TodoListTableViewCell.swift */,
				0C851A5E222D78C20095EBFF /* TodoListTableViewCell.xib */,
			);
			path = TableCell;
			sourceTree = "<group>";
		};
		0C851A63222D7FA60095EBFF /* Assets */ = {
			isa = PBXGroup;
			children = (
				0C851A64222D81710095EBFF /* check.png */,
				0C851A65222D81710095EBFF /* done.png */,
				0C851A61222D7EE10095EBFF /* icons8-stopwatch-24.png */,
			);
			path = Assets;
			sourceTree = "<group>";
		};
		0CDDE0E921ECC9CB002AFE68 = {
			isa = PBXGroup;
			children = (
				0CDDE0F421ECC9CB002AFE68 /* Smart Todo */,
				0CDDE10921ECC9CD002AFE68 /* Smart TodoTests */,
				0CDDE11421ECC9CD002AFE68 /* Smart TodoUITests */,
				0CDDE0F321ECC9CB002AFE68 /* Products */,
				0787C0AF0D398E711C876BCE /* Pods */,
				E9CBFC12694131FDED715375 /* Frameworks */,
			);
			sourceTree = "<group>";
		};
		0CDDE0F321ECC9CB002AFE68 /* Products */ = {
			isa = PBXGroup;
			children = (
				0CDDE0F221ECC9CB002AFE68 /* Smart Todo.app */,
				0CDDE10621ECC9CD002AFE68 /* Smart TodoTests.xctest */,
				0CDDE11121ECC9CD002AFE68 /* Smart TodoUITests.xctest */,
			);
			name = Products;
			sourceTree = "<group>";
		};
		0CDDE0F421ECC9CB002AFE68 /* Smart Todo */ = {
			isa = PBXGroup;
			children = (
				0C851A63222D7FA60095EBFF /* Assets */,
				0CDDE12521ECCD57002AFE68 /* Src */,
				0CDDE12421ECCD4E002AFE68 /* Resource */,
				0CDDE0F521ECC9CB002AFE68 /* AppDelegate.swift */,
				0CDDE0FC21ECC9CD002AFE68 /* Assets.xcassets */,
				0CDDE0FE21ECC9CD002AFE68 /* LaunchScreen.storyboard */,
				0CDDE10121ECC9CD002AFE68 /* Info.plist */,
			);
			path = "Smart Todo";
			sourceTree = "<group>";
		};
		0CDDE10921ECC9CD002AFE68 /* Smart TodoTests */ = {
			isa = PBXGroup;
			children = (
				0CDDE10A21ECC9CD002AFE68 /* Smart_TodoTests.swift */,
				0CDDE10C21ECC9CD002AFE68 /* Info.plist */,
			);
			path = "Smart TodoTests";
			sourceTree = "<group>";
		};
		0CDDE11421ECC9CD002AFE68 /* Smart TodoUITests */ = {
			isa = PBXGroup;
			children = (
				0CDDE11521ECC9CD002AFE68 /* Smart_TodoUITests.swift */,
				0CDDE11721ECC9CD002AFE68 /* Info.plist */,
			);
			path = "Smart TodoUITests";
			sourceTree = "<group>";
		};
		0CDDE12421ECCD4E002AFE68 /* Resource */ = {
			isa = PBXGroup;
			children = (
				0CDDE12821ECCDAC002AFE68 /* TodoList */,
				0CDDE12721ECCD86002AFE68 /* Others */,
				0CDDE12621ECCD78002AFE68 /* Category */,
				0CDDE13C21ECEE33002AFE68 /* mCell.swift */,
			);
			path = Resource;
			sourceTree = "<group>";
		};
		0CDDE12521ECCD57002AFE68 /* Src */ = {
			isa = PBXGroup;
			children = (
				0C3248612201EF0E00D26EDC /* UIBarButtonItem+extension.swift */,
			);
			path = Src;
			sourceTree = "<group>";
		};
		0CDDE12621ECCD78002AFE68 /* Category */ = {
			isa = PBXGroup;
			children = (
				0CDDE12B21ECCE18002AFE68 /* Presentation */,
				0CDDE12A21ECCE09002AFE68 /* Domain */,
				0CDDE12921ECCDF7002AFE68 /* Data */,
			);
			path = Category;
			sourceTree = "<group>";
		};
		0CDDE12721ECCD86002AFE68 /* Others */ = {
			isa = PBXGroup;
			children = (
			);
			path = Others;
			sourceTree = "<group>";
		};
		0CDDE12821ECCDAC002AFE68 /* TodoList */ = {
			isa = PBXGroup;
			children = (
				0C32485C21FCA2F100D26EDC /* Presentation */,
			);
			path = TodoList;
			sourceTree = "<group>";
		};
		0CDDE12921ECCDF7002AFE68 /* Data */ = {
			isa = PBXGroup;
			children = (
				0C1F7533221C47C100461A10 /* CategoryModel.swift */,
			);
			path = Data;
			sourceTree = "<group>";
		};
		0CDDE12A21ECCE09002AFE68 /* Domain */ = {
			isa = PBXGroup;
			children = (
			);
			path = Domain;
			sourceTree = "<group>";
		};
		0CDDE12B21ECCE18002AFE68 /* Presentation */ = {
			isa = PBXGroup;
			children = (
				0CDDE13421ECDB3D002AFE68 /* CategoryCollectionViewCell.swift */,
				0CDDE13521ECDB3D002AFE68 /* CategoryCollectionViewCell.xib */,
				0CDDE13821ECE7AD002AFE68 /* CategoryViewController.swift */,
				0CDDE13A21ECE80F002AFE68 /* Category.storyboard */,
			);
			path = Presentation;
			sourceTree = "<group>";
		};
		E9CBFC12694131FDED715375 /* Frameworks */ = {
			isa = PBXGroup;
			children = (
				7C79AD2E7A8FF5FFC4C143DF /* Pods_Smart_Todo.framework */,
				905A0D150A6764CFB146726C /* Pods_Smart_TodoTests.framework */,
				77071824F1298DC64CECDFE4 /* Pods_Smart_TodoUITests.framework */,
			);
			name = Frameworks;
			sourceTree = "<group>";
		};
/* End PBXGroup section */

/* Begin PBXNativeTarget section */
		0CDDE0F121ECC9CB002AFE68 /* Smart Todo */ = {
			isa = PBXNativeTarget;
			buildConfigurationList = 0CDDE11A21ECC9CD002AFE68 /* Build configuration list for PBXNativeTarget "Smart Todo" */;
			buildPhases = (
				64221558F83B147C35472788 /* [CP] Check Pods Manifest.lock */,
				0CDDE0EE21ECC9CB002AFE68 /* Sources */,
				0CDDE0EF21ECC9CB002AFE68 /* Frameworks */,
				0CDDE0F021ECC9CB002AFE68 /* Resources */,
				82C51E3D7C648C48E8B69DFD /* [CP] Embed Pods Frameworks */,
			);
			buildRules = (
			);
			dependencies = (
			);
			name = "Smart Todo";
			productName = "Smart Todo";
			productReference = 0CDDE0F221ECC9CB002AFE68 /* Smart Todo.app */;
			productType = "com.apple.product-type.application";
		};
		0CDDE10521ECC9CD002AFE68 /* Smart TodoTests */ = {
			isa = PBXNativeTarget;
			buildConfigurationList = 0CDDE11D21ECC9CD002AFE68 /* Build configuration list for PBXNativeTarget "Smart TodoTests" */;
			buildPhases = (
				6B01E35A93370AD77590EF5B /* [CP] Check Pods Manifest.lock */,
				0CDDE10221ECC9CD002AFE68 /* Sources */,
				0CDDE10321ECC9CD002AFE68 /* Frameworks */,
				0CDDE10421ECC9CD002AFE68 /* Resources */,
			);
			buildRules = (
			);
			dependencies = (
				0CDDE10821ECC9CD002AFE68 /* PBXTargetDependency */,
			);
			name = "Smart TodoTests";
			productName = "Smart TodoTests";
			productReference = 0CDDE10621ECC9CD002AFE68 /* Smart TodoTests.xctest */;
			productType = "com.apple.product-type.bundle.unit-test";
		};
		0CDDE11021ECC9CD002AFE68 /* Smart TodoUITests */ = {
			isa = PBXNativeTarget;
			buildConfigurationList = 0CDDE12021ECC9CD002AFE68 /* Build configuration list for PBXNativeTarget "Smart TodoUITests" */;
			buildPhases = (
				82A15EA56567E18406F62142 /* [CP] Check Pods Manifest.lock */,
				0CDDE10D21ECC9CD002AFE68 /* Sources */,
				0CDDE10E21ECC9CD002AFE68 /* Frameworks */,
				0CDDE10F21ECC9CD002AFE68 /* Resources */,
			);
			buildRules = (
			);
			dependencies = (
				0CDDE11321ECC9CD002AFE68 /* PBXTargetDependency */,
			);
			name = "Smart TodoUITests";
			productName = "Smart TodoUITests";
			productReference = 0CDDE11121ECC9CD002AFE68 /* Smart TodoUITests.xctest */;
			productType = "com.apple.product-type.bundle.ui-testing";
		};
/* End PBXNativeTarget section */

/* Begin PBXProject section */
		0CDDE0EA21ECC9CB002AFE68 /* Project object */ = {
			isa = PBXProject;
			attributes = {
				LastSwiftUpdateCheck = 1010;
				LastUpgradeCheck = 1010;
				ORGANIZATIONNAME = Marie;
				TargetAttributes = {
					0CDDE0F121ECC9CB002AFE68 = {
						CreatedOnToolsVersion = 10.1;
					};
					0CDDE10521ECC9CD002AFE68 = {
						CreatedOnToolsVersion = 10.1;
						TestTargetID = 0CDDE0F121ECC9CB002AFE68;
					};
					0CDDE11021ECC9CD002AFE68 = {
						CreatedOnToolsVersion = 10.1;
						TestTargetID = 0CDDE0F121ECC9CB002AFE68;
					};
				};
			};
			buildConfigurationList = 0CDDE0ED21ECC9CB002AFE68 /* Build configuration list for PBXProject "Smart Todo" */;
			compatibilityVersion = "Xcode 9.3";
			developmentRegion = en;
			hasScannedForEncodings = 0;
			knownRegions = (
				en,
				Base,
			);
			mainGroup = 0CDDE0E921ECC9CB002AFE68;
			productRefGroup = 0CDDE0F321ECC9CB002AFE68 /* Products */;
			projectDirPath = "";
			projectRoot = "";
			targets = (
				0CDDE0F121ECC9CB002AFE68 /* Smart Todo */,
				0CDDE10521ECC9CD002AFE68 /* Smart TodoTests */,
				0CDDE11021ECC9CD002AFE68 /* Smart TodoUITests */,
			);
		};
/* End PBXProject section */

/* Begin PBXResourcesBuildPhase section */
		0CDDE0F021ECC9CB002AFE68 /* Resources */ = {
			isa = PBXResourcesBuildPhase;
			buildActionMask = 2147483647;
			files = (
				0CDDE13B21ECE80F002AFE68 /* Category.storyboard in Resources */,
				0CDDE13721ECDB3D002AFE68 /* CategoryCollectionViewCell.xib in Resources */,
				0C851A67222D81710095EBFF /* done.png in Resources */,
				0C851A66222D81710095EBFF /* check.png in Resources */,
				0CDDE10021ECC9CD002AFE68 /* LaunchScreen.storyboard in Resources */,
				0C851A62222D7EE20095EBFF /* icons8-stopwatch-24.png in Resources */,
				0C851A60222D78C20095EBFF /* TodoListTableViewCell.xib in Resources */,
				0C32485E21FCA31900D26EDC /* TodoList.storyboard in Resources */,
				0CDDE0FD21ECC9CD002AFE68 /* Assets.xcassets in Resources */,
			);
			runOnlyForDeploymentPostprocessing = 0;
		};
		0CDDE10421ECC9CD002AFE68 /* Resources */ = {
			isa = PBXResourcesBuildPhase;
			buildActionMask = 2147483647;
			files = (
			);
			runOnlyForDeploymentPostprocessing = 0;
		};
		0CDDE10F21ECC9CD002AFE68 /* Resources */ = {
			isa = PBXResourcesBuildPhase;
			buildActionMask = 2147483647;
			files = (
			);
			runOnlyForDeploymentPostprocessing = 0;
		};
/* End PBXResourcesBuildPhase section */

/* Begin PBXShellScriptBuildPhase section */
		64221558F83B147C35472788 /* [CP] Check Pods Manifest.lock */ = {
			isa = PBXShellScriptBuildPhase;
			buildActionMask = 2147483647;
			files = (
			);
			inputFileListPaths = (
			);
			inputPaths = (
				"${PODS_PODFILE_DIR_PATH}/Podfile.lock",
				"${PODS_ROOT}/Manifest.lock",
			);
			name = "[CP] Check Pods Manifest.lock";
			outputFileListPaths = (
			);
			outputPaths = (
				"$(DERIVED_FILE_DIR)/Pods-Smart Todo-checkManifestLockResult.txt",
			);
			runOnlyForDeploymentPostprocessing = 0;
			shellPath = /bin/sh;
			shellScript = "diff \"${PODS_PODFILE_DIR_PATH}/Podfile.lock\" \"${PODS_ROOT}/Manifest.lock\" > /dev/null\nif [ $? != 0 ] ; then\n    # print error to STDERR\n    echo \"error: The sandbox is not in sync with the Podfile.lock. Run 'pod install' or update your CocoaPods installation.\" >&2\n    exit 1\nfi\n# This output is used by Xcode 'outputs' to avoid re-running this script phase.\necho \"SUCCESS\" > \"${SCRIPT_OUTPUT_FILE_0}\"\n";
			showEnvVarsInLog = 0;
		};
		6B01E35A93370AD77590EF5B /* [CP] Check Pods Manifest.lock */ = {
			isa = PBXShellScriptBuildPhase;
			buildActionMask = 2147483647;
			files = (
			);
			inputFileListPaths = (
			);
			inputPaths = (
				"${PODS_PODFILE_DIR_PATH}/Podfile.lock",
				"${PODS_ROOT}/Manifest.lock",
			);
			name = "[CP] Check Pods Manifest.lock";
			outputFileListPaths = (
			);
			outputPaths = (
				"$(DERIVED_FILE_DIR)/Pods-Smart TodoTests-checkManifestLockResult.txt",
			);
			runOnlyForDeploymentPostprocessing = 0;
			shellPath = /bin/sh;
			shellScript = "diff \"${PODS_PODFILE_DIR_PATH}/Podfile.lock\" \"${PODS_ROOT}/Manifest.lock\" > /dev/null\nif [ $? != 0 ] ; then\n    # print error to STDERR\n    echo \"error: The sandbox is not in sync with the Podfile.lock. Run 'pod install' or update your CocoaPods installation.\" >&2\n    exit 1\nfi\n# This output is used by Xcode 'outputs' to avoid re-running this script phase.\necho \"SUCCESS\" > \"${SCRIPT_OUTPUT_FILE_0}\"\n";
			showEnvVarsInLog = 0;
		};
		82A15EA56567E18406F62142 /* [CP] Check Pods Manifest.lock */ = {
			isa = PBXShellScriptBuildPhase;
			buildActionMask = 2147483647;
			files = (
			);
			inputFileListPaths = (
			);
			inputPaths = (
				"${PODS_PODFILE_DIR_PATH}/Podfile.lock",
				"${PODS_ROOT}/Manifest.lock",
			);
			name = "[CP] Check Pods Manifest.lock";
			outputFileListPaths = (
			);
			outputPaths = (
				"$(DERIVED_FILE_DIR)/Pods-Smart TodoUITests-checkManifestLockResult.txt",
			);
			runOnlyForDeploymentPostprocessing = 0;
			shellPath = /bin/sh;
			shellScript = "diff \"${PODS_PODFILE_DIR_PATH}/Podfile.lock\" \"${PODS_ROOT}/Manifest.lock\" > /dev/null\nif [ $? != 0 ] ; then\n    # print error to STDERR\n    echo \"error: The sandbox is not in sync with the Podfile.lock. Run 'pod install' or update your CocoaPods installation.\" >&2\n    exit 1\nfi\n# This output is used by Xcode 'outputs' to avoid re-running this script phase.\necho \"SUCCESS\" > \"${SCRIPT_OUTPUT_FILE_0}\"\n";
			showEnvVarsInLog = 0;
		};
		82C51E3D7C648C48E8B69DFD /* [CP] Embed Pods Frameworks */ = {
			isa = PBXShellScriptBuildPhase;
			buildActionMask = 2147483647;
			files = (
			);
			inputFileListPaths = (
			);
			inputPaths = (
				"${PODS_ROOT}/Target Support Files/Pods-Smart Todo/Pods-Smart Todo-frameworks.sh",
				"${BUILT_PRODUCTS_DIR}/Realm/Realm.framework",
				"${BUILT_PRODUCTS_DIR}/RealmSwift/RealmSwift.framework",
			);
			name = "[CP] Embed Pods Frameworks";
			outputFileListPaths = (
			);
			outputPaths = (
				"${TARGET_BUILD_DIR}/${FRAMEWORKS_FOLDER_PATH}/Realm.framework",
				"${TARGET_BUILD_DIR}/${FRAMEWORKS_FOLDER_PATH}/RealmSwift.framework",
			);
			runOnlyForDeploymentPostprocessing = 0;
			shellPath = /bin/sh;
			shellScript = "\"${PODS_ROOT}/Target Support Files/Pods-Smart Todo/Pods-Smart Todo-frameworks.sh\"\n";
			showEnvVarsInLog = 0;
		};
/* End PBXShellScriptBuildPhase section */

/* Begin PBXSourcesBuildPhase section */
		0CDDE0EE21ECC9CB002AFE68 /* Sources */ = {
			isa = PBXSourcesBuildPhase;
			buildActionMask = 2147483647;
			files = (
				0C3248642205F11500D26EDC /* TodoTableViewCell.swift in Sources */,
				0CDDE13921ECE7AD002AFE68 /* CategoryViewController.swift in Sources */,
				0CDDE13621ECDB3D002AFE68 /* CategoryCollectionViewCell.swift in Sources */,
				0C32486021FCA57F00D26EDC /* TodoListTableViewController.swift in Sources */,
				0CDDE0F621ECC9CB002AFE68 /* AppDelegate.swift in Sources */,
				0C1F7534221C47C100461A10 /* CategoryModel.swift in Sources */,
				0C3248622201EF0E00D26EDC /* UIBarButtonItem+extension.swift in Sources */,
				0CDDE13D21ECEE33002AFE68 /* mCell.swift in Sources */,
				0C851A5F222D78C20095EBFF /* TodoListTableViewCell.swift in Sources */,
			);
			runOnlyForDeploymentPostprocessing = 0;
		};
		0CDDE10221ECC9CD002AFE68 /* Sources */ = {
			isa = PBXSourcesBuildPhase;
			buildActionMask = 2147483647;
			files = (
				0CDDE10B21ECC9CD002AFE68 /* Smart_TodoTests.swift in Sources */,
			);
			runOnlyForDeploymentPostprocessing = 0;
		};
		0CDDE10D21ECC9CD002AFE68 /* Sources */ = {
			isa = PBXSourcesBuildPhase;
			buildActionMask = 2147483647;
			files = (
				0CDDE11621ECC9CD002AFE68 /* Smart_TodoUITests.swift in Sources */,
			);
			runOnlyForDeploymentPostprocessing = 0;
		};
/* End PBXSourcesBuildPhase section */

/* Begin PBXTargetDependency section */
		0CDDE10821ECC9CD002AFE68 /* PBXTargetDependency */ = {
			isa = PBXTargetDependency;
			target = 0CDDE0F121ECC9CB002AFE68 /* Smart Todo */;
			targetProxy = 0CDDE10721ECC9CD002AFE68 /* PBXContainerItemProxy */;
		};
		0CDDE11321ECC9CD002AFE68 /* PBXTargetDependency */ = {
			isa = PBXTargetDependency;
			target = 0CDDE0F121ECC9CB002AFE68 /* Smart Todo */;
			targetProxy = 0CDDE11221ECC9CD002AFE68 /* PBXContainerItemProxy */;
		};
/* End PBXTargetDependency section */

/* Begin PBXVariantGroup section */
		0CDDE0FE21ECC9CD002AFE68 /* LaunchScreen.storyboard */ = {
			isa = PBXVariantGroup;
			children = (
				0CDDE0FF21ECC9CD002AFE68 /* Base */,
			);
			name = LaunchScreen.storyboard;
			sourceTree = "<group>";
		};
/* End PBXVariantGroup section */

/* Begin XCBuildConfiguration section */
		0CDDE11821ECC9CD002AFE68 /* Debug */ = {
			isa = XCBuildConfiguration;
			buildSettings = {
				ALWAYS_SEARCH_USER_PATHS = NO;
				CLANG_ANALYZER_NONNULL = YES;
				CLANG_ANALYZER_NUMBER_OBJECT_CONVERSION = YES_AGGRESSIVE;
				CLANG_CXX_LANGUAGE_STANDARD = "gnu++14";
				CLANG_CXX_LIBRARY = "libc++";
				CLANG_ENABLE_MODULES = YES;
				CLANG_ENABLE_OBJC_ARC = YES;
				CLANG_ENABLE_OBJC_WEAK = YES;
				CLANG_WARN_BLOCK_CAPTURE_AUTORELEASING = YES;
				CLANG_WARN_BOOL_CONVERSION = YES;
				CLANG_WARN_COMMA = YES;
				CLANG_WARN_CONSTANT_CONVERSION = YES;
				CLANG_WARN_DEPRECATED_OBJC_IMPLEMENTATIONS = YES;
				CLANG_WARN_DIRECT_OBJC_ISA_USAGE = YES_ERROR;
				CLANG_WARN_DOCUMENTATION_COMMENTS = YES;
				CLANG_WARN_EMPTY_BODY = YES;
				CLANG_WARN_ENUM_CONVERSION = YES;
				CLANG_WARN_INFINITE_RECURSION = YES;
				CLANG_WARN_INT_CONVERSION = YES;
				CLANG_WARN_NON_LITERAL_NULL_CONVERSION = YES;
				CLANG_WARN_OBJC_IMPLICIT_RETAIN_SELF = YES;
				CLANG_WARN_OBJC_LITERAL_CONVERSION = YES;
				CLANG_WARN_OBJC_ROOT_CLASS = YES_ERROR;
				CLANG_WARN_RANGE_LOOP_ANALYSIS = YES;
				CLANG_WARN_STRICT_PROTOTYPES = YES;
				CLANG_WARN_SUSPICIOUS_MOVE = YES;
				CLANG_WARN_UNGUARDED_AVAILABILITY = YES_AGGRESSIVE;
				CLANG_WARN_UNREACHABLE_CODE = YES;
				CLANG_WARN__DUPLICATE_METHOD_MATCH = YES;
				CODE_SIGN_IDENTITY = "iPhone Developer";
				COPY_PHASE_STRIP = NO;
				DEBUG_INFORMATION_FORMAT = dwarf;
				ENABLE_STRICT_OBJC_MSGSEND = YES;
				ENABLE_TESTABILITY = YES;
				GCC_C_LANGUAGE_STANDARD = gnu11;
				GCC_DYNAMIC_NO_PIC = NO;
				GCC_NO_COMMON_BLOCKS = YES;
				GCC_OPTIMIZATION_LEVEL = 0;
				GCC_PREPROCESSOR_DEFINITIONS = (
					"DEBUG=1",
					"$(inherited)",
				);
				GCC_WARN_64_TO_32_BIT_CONVERSION = YES;
				GCC_WARN_ABOUT_RETURN_TYPE = YES_ERROR;
				GCC_WARN_UNDECLARED_SELECTOR = YES;
				GCC_WARN_UNINITIALIZED_AUTOS = YES_AGGRESSIVE;
				GCC_WARN_UNUSED_FUNCTION = YES;
				GCC_WARN_UNUSED_VARIABLE = YES;
				IPHONEOS_DEPLOYMENT_TARGET = 12.1;
				MTL_ENABLE_DEBUG_INFO = INCLUDE_SOURCE;
				MTL_FAST_MATH = YES;
				ONLY_ACTIVE_ARCH = YES;
				SDKROOT = iphoneos;
				SWIFT_ACTIVE_COMPILATION_CONDITIONS = DEBUG;
				SWIFT_OPTIMIZATION_LEVEL = "-Onone";
			};
			name = Debug;
		};
		0CDDE11921ECC9CD002AFE68 /* Release */ = {
			isa = XCBuildConfiguration;
			buildSettings = {
				ALWAYS_SEARCH_USER_PATHS = NO;
				CLANG_ANALYZER_NONNULL = YES;
				CLANG_ANALYZER_NUMBER_OBJECT_CONVERSION = YES_AGGRESSIVE;
				CLANG_CXX_LANGUAGE_STANDARD = "gnu++14";
				CLANG_CXX_LIBRARY = "libc++";
				CLANG_ENABLE_MODULES = YES;
				CLANG_ENABLE_OBJC_ARC = YES;
				CLANG_ENABLE_OBJC_WEAK = YES;
				CLANG_WARN_BLOCK_CAPTURE_AUTORELEASING = YES;
				CLANG_WARN_BOOL_CONVERSION = YES;
				CLANG_WARN_COMMA = YES;
				CLANG_WARN_CONSTANT_CONVERSION = YES;
				CLANG_WARN_DEPRECATED_OBJC_IMPLEMENTATIONS = YES;
				CLANG_WARN_DIRECT_OBJC_ISA_USAGE = YES_ERROR;
				CLANG_WARN_DOCUMENTATION_COMMENTS = YES;
				CLANG_WARN_EMPTY_BODY = YES;
				CLANG_WARN_ENUM_CONVERSION = YES;
				CLANG_WARN_INFINITE_RECURSION = YES;
				CLANG_WARN_INT_CONVERSION = YES;
				CLANG_WARN_NON_LITERAL_NULL_CONVERSION = YES;
				CLANG_WARN_OBJC_IMPLICIT_RETAIN_SELF = YES;
				CLANG_WARN_OBJC_LITERAL_CONVERSION = YES;
				CLANG_WARN_OBJC_ROOT_CLASS = YES_ERROR;
				CLANG_WARN_RANGE_LOOP_ANALYSIS = YES;
				CLANG_WARN_STRICT_PROTOTYPES = YES;
				CLANG_WARN_SUSPICIOUS_MOVE = YES;
				CLANG_WARN_UNGUARDED_AVAILABILITY = YES_AGGRESSIVE;
				CLANG_WARN_UNREACHABLE_CODE = YES;
				CLANG_WARN__DUPLICATE_METHOD_MATCH = YES;
				CODE_SIGN_IDENTITY = "iPhone Developer";
				COPY_PHASE_STRIP = NO;
				DEBUG_INFORMATION_FORMAT = "dwarf-with-dsym";
				ENABLE_NS_ASSERTIONS = NO;
				ENABLE_STRICT_OBJC_MSGSEND = YES;
				GCC_C_LANGUAGE_STANDARD = gnu11;
				GCC_NO_COMMON_BLOCKS = YES;
				GCC_WARN_64_TO_32_BIT_CONVERSION = YES;
				GCC_WARN_ABOUT_RETURN_TYPE = YES_ERROR;
				GCC_WARN_UNDECLARED_SELECTOR = YES;
				GCC_WARN_UNINITIALIZED_AUTOS = YES_AGGRESSIVE;
				GCC_WARN_UNUSED_FUNCTION = YES;
				GCC_WARN_UNUSED_VARIABLE = YES;
				IPHONEOS_DEPLOYMENT_TARGET = 12.1;
				MTL_ENABLE_DEBUG_INFO = NO;
				MTL_FAST_MATH = YES;
				SDKROOT = iphoneos;
				SWIFT_COMPILATION_MODE = wholemodule;
				SWIFT_OPTIMIZATION_LEVEL = "-O";
				VALIDATE_PRODUCT = YES;
			};
			name = Release;
		};
		0CDDE11B21ECC9CD002AFE68 /* Debug */ = {
			isa = XCBuildConfiguration;
			baseConfigurationReference = F701DF93A6EFAFBF7272EDC4 /* Pods-Smart Todo.debug.xcconfig */;
			buildSettings = {
				ASSETCATALOG_COMPILER_APPICON_NAME = AppIcon;
				CODE_SIGN_STYLE = Automatic;
				DEVELOPMENT_TEAM = 2KLTJC3963;
				INFOPLIST_FILE = "Smart Todo/Info.plist";
				IPHONEOS_DEPLOYMENT_TARGET = 11.0;
				LD_RUNPATH_SEARCH_PATHS = (
					"$(inherited)",
					"@executable_path/Frameworks",
				);
				PRODUCT_BUNDLE_IDENTIFIER = "com.mimirudo.Smart-Todo";
				PRODUCT_NAME = "$(TARGET_NAME)";
				SWIFT_VERSION = 4.2;
				TARGETED_DEVICE_FAMILY = "1,2";
			};
			name = Debug;
		};
		0CDDE11C21ECC9CD002AFE68 /* Release */ = {
			isa = XCBuildConfiguration;
			baseConfigurationReference = C44535BB1FE57F5EB78642ED /* Pods-Smart Todo.release.xcconfig */;
			buildSettings = {
				ASSETCATALOG_COMPILER_APPICON_NAME = AppIcon;
				CODE_SIGN_STYLE = Automatic;
				DEVELOPMENT_TEAM = 2KLTJC3963;
				INFOPLIST_FILE = "Smart Todo/Info.plist";
				IPHONEOS_DEPLOYMENT_TARGET = 11.0;
				LD_RUNPATH_SEARCH_PATHS = (
					"$(inherited)",
					"@executable_path/Frameworks",
				);
				PRODUCT_BUNDLE_IDENTIFIER = "com.mimirudo.Smart-Todo";
				PRODUCT_NAME = "$(TARGET_NAME)";
				SWIFT_VERSION = 4.2;
				TARGETED_DEVICE_FAMILY = "1,2";
			};
			name = Release;
		};
		0CDDE11E21ECC9CD002AFE68 /* Debug */ = {
			isa = XCBuildConfiguration;
			baseConfigurationReference = E3422E060B94DDC3A6D8DA1B /* Pods-Smart TodoTests.debug.xcconfig */;
			buildSettings = {
				ALWAYS_EMBED_SWIFT_STANDARD_LIBRARIES = YES;
				BUNDLE_LOADER = "$(TEST_HOST)";
				CODE_SIGN_STYLE = Automatic;
				DEVELOPMENT_TEAM = 2KLTJC3963;
				INFOPLIST_FILE = "Smart TodoTests/Info.plist";
				LD_RUNPATH_SEARCH_PATHS = (
					"$(inherited)",
					"@executable_path/Frameworks",
					"@loader_path/Frameworks",
				);
				PRODUCT_BUNDLE_IDENTIFIER = "com.mimirudo.Smart-TodoTests";
				PRODUCT_NAME = "$(TARGET_NAME)";
				SWIFT_VERSION = 4.2;
				TARGETED_DEVICE_FAMILY = "1,2";
				TEST_HOST = "$(BUILT_PRODUCTS_DIR)/Smart Todo.app/Smart Todo";
			};
			name = Debug;
		};
		0CDDE11F21ECC9CD002AFE68 /* Release */ = {
			isa = XCBuildConfiguration;
			baseConfigurationReference = 25C33B9D02899614D6E4C8F0 /* Pods-Smart TodoTests.release.xcconfig */;
			buildSettings = {
				ALWAYS_EMBED_SWIFT_STANDARD_LIBRARIES = YES;
				BUNDLE_LOADER = "$(TEST_HOST)";
				CODE_SIGN_STYLE = Automatic;
				DEVELOPMENT_TEAM = 2KLTJC3963;
				INFOPLIST_FILE = "Smart TodoTests/Info.plist";
				LD_RUNPATH_SEARCH_PATHS = (
					"$(inherited)",
					"@executable_path/Frameworks",
					"@loader_path/Frameworks",
				);
				PRODUCT_BUNDLE_IDENTIFIER = "com.mimirudo.Smart-TodoTests";
				PRODUCT_NAME = "$(TARGET_NAME)";
				SWIFT_VERSION = 4.2;
				TARGETED_DEVICE_FAMILY = "1,2";
				TEST_HOST = "$(BUILT_PRODUCTS_DIR)/Smart Todo.app/Smart Todo";
			};
			name = Release;
		};
		0CDDE12121ECC9CD002AFE68 /* Debug */ = {
			isa = XCBuildConfiguration;
			baseConfigurationReference = 325851B52AECD2EAF3FF8ADE /* Pods-Smart TodoUITests.debug.xcconfig */;
			buildSettings = {
				ALWAYS_EMBED_SWIFT_STANDARD_LIBRARIES = YES;
				CODE_SIGN_STYLE = Automatic;
				DEVELOPMENT_TEAM = 2KLTJC3963;
				INFOPLIST_FILE = "Smart TodoUITests/Info.plist";
				LD_RUNPATH_SEARCH_PATHS = (
					"$(inherited)",
					"@executable_path/Frameworks",
					"@loader_path/Frameworks",
				);
				PRODUCT_BUNDLE_IDENTIFIER = "com.mimirudo.Smart-TodoUITests";
				PRODUCT_NAME = "$(TARGET_NAME)";
				SWIFT_VERSION = 4.2;
				TARGETED_DEVICE_FAMILY = "1,2";
				TEST_TARGET_NAME = "Smart Todo";
			};
			name = Debug;
		};
		0CDDE12221ECC9CD002AFE68 /* Release */ = {
			isa = XCBuildConfiguration;
			baseConfigurationReference = 7916868A0AC0C27982430359 /* Pods-Smart TodoUITests.release.xcconfig */;
			buildSettings = {
				ALWAYS_EMBED_SWIFT_STANDARD_LIBRARIES = YES;
				CODE_SIGN_STYLE = Automatic;
				DEVELOPMENT_TEAM = 2KLTJC3963;
				INFOPLIST_FILE = "Smart TodoUITests/Info.plist";
				LD_RUNPATH_SEARCH_PATHS = (
					"$(inherited)",
					"@executable_path/Frameworks",
					"@loader_path/Frameworks",
				);
				PRODUCT_BUNDLE_IDENTIFIER = "com.mimirudo.Smart-TodoUITests";
				PRODUCT_NAME = "$(TARGET_NAME)";
				SWIFT_VERSION = 4.2;
				TARGETED_DEVICE_FAMILY = "1,2";
				TEST_TARGET_NAME = "Smart Todo";
			};
			name = Release;
		};
/* End XCBuildConfiguration section */

/* Begin XCConfigurationList section */
		0CDDE0ED21ECC9CB002AFE68 /* Build configuration list for PBXProject "Smart Todo" */ = {
			isa = XCConfigurationList;
			buildConfigurations = (
				0CDDE11821ECC9CD002AFE68 /* Debug */,
				0CDDE11921ECC9CD002AFE68 /* Release */,
			);
			defaultConfigurationIsVisible = 0;
			defaultConfigurationName = Release;
		};
		0CDDE11A21ECC9CD002AFE68 /* Build configuration list for PBXNativeTarget "Smart Todo" */ = {
			isa = XCConfigurationList;
			buildConfigurations = (
				0CDDE11B21ECC9CD002AFE68 /* Debug */,
				0CDDE11C21ECC9CD002AFE68 /* Release */,
			);
			defaultConfigurationIsVisible = 0;
			defaultConfigurationName = Release;
		};
		0CDDE11D21ECC9CD002AFE68 /* Build configuration list for PBXNativeTarget "Smart TodoTests" */ = {
			isa = XCConfigurationList;
			buildConfigurations = (
				0CDDE11E21ECC9CD002AFE68 /* Debug */,
				0CDDE11F21ECC9CD002AFE68 /* Release */,
			);
			defaultConfigurationIsVisible = 0;
			defaultConfigurationName = Release;
		};
		0CDDE12021ECC9CD002AFE68 /* Build configuration list for PBXNativeTarget "Smart TodoUITests" */ = {
			isa = XCConfigurationList;
			buildConfigurations = (
				0CDDE12121ECC9CD002AFE68 /* Debug */,
				0CDDE12221ECC9CD002AFE68 /* Release */,
			);
			defaultConfigurationIsVisible = 0;
			defaultConfigurationName = Release;
		};
/* End XCConfigurationList section */
	};
	rootObject = 0CDDE0EA21ECC9CB002AFE68 /* Project object */;
}
